
Microsoft Visual Studio Solution File, Format Version 12.00
# Visual Studio for Mac
Project("{FAE04EC0-301F-11D3-BF4B-00C04F79EFBC}") = "Assembly-CSharp-firstpass", "Assembly-CSharp-firstpass.csproj", "{5CB628BF-719C-5F60-E424-441FA701BA41}"
EndProject
Project("{FAE04EC0-301F-11D3-BF4B-00C04F79EFBC}") = "Assembly-CSharp", "Assembly-CSharp.csproj", "{4FDB56C6-B4B7-0825-D152-BF530E764C73}"
EndProject
Project("{FAE04EC0-301F-11D3-BF4B-00C04F79EFBC}") = "Assembly-CSharp-Editor-firstpass", "Assembly-CSharp-Editor-firstpass.csproj", "{7C4433FA-4B4D-D95F-B3DF-3546BC25F886}"
EndProject
Global
	GlobalSection(SolutionConfigurationPlatforms) = preSolution
		Debug|Any CPU = Debug|Any CPU
		Release|Any CPU = Release|Any CPU
	EndGlobalSection
	GlobalSection(ProjectConfigurationPlatforms) = postSolution
		{5CB628BF-719C-5F60-E424-441FA701BA41}.Debug|Any CPU.ActiveCfg = Debug|Any CPU
		{5CB628BF-719C-5F60-E424-441FA701BA41}.Debug|Any CPU.Build.0 = Debug|Any CPU
		{5CB628BF-719C-5F60-E424-441FA701BA41}.Release|Any CPU.ActiveCfg = Release|Any CPU
		{5CB628BF-719C-5F60-E424-441FA701BA41}.Release|Any CPU.Build.0 = Release|Any CPU
		{4FDB56C6-B4B7-0825-D152-BF530E764C73}.Debug|Any CPU.ActiveCfg = Debug|Any CPU
		{4FDB56C6-B4B7-0825-D152-BF530E764C73}.Debug|Any CPU.Build.0 = Debug|Any CPU
		{4FDB56C6-B4B7-0825-D152-BF530E764C73}.Release|Any CPU.ActiveCfg = Release|Any CPU
		{4FDB56C6-B4B7-0825-D152-BF530E764C73}.Release|Any CPU.Build.0 = Release|Any CPU
		{7C4433FA-4B4D-D95F-B3DF-3546BC25F886}.Debug|Any CPU.ActiveCfg = Debug|Any CPU
		{7C4433FA-4B4D-D95F-B3DF-3546BC25F886}.Debug|Any CPU.Build.0 = Debug|Any CPU
		{7C4433FA-4B4D-D95F-B3DF-3546BC25F886}.Release|Any CPU.ActiveCfg = Release|Any CPU
		{7C4433FA-4B4D-D95F-B3DF-3546BC25F886}.Release|Any CPU.Build.0 = Release|Any CPU
	EndGlobalSection
	GlobalSection(SolutionProperties) = preSolution
		HideSolutionNode = FALSE
	EndGlobalSection
EndGlobal
